
Microsoft Visual Studio Solution File, Format Version 12.00
# Visual Studio Version 17
VisualStudioVersion = 17.8.34322.80
MinimumVisualStudioVersion = 10.0.40219.1
Project("{9A19103F-16F7-4668-BE54-9A1E7A4F7556}") = "CursosRDApi", "CursosRDApi\CursosRDApi.csproj", "{46660B71-DCE8-482F-805A-7DD8585D6CDE}"
EndProject
Global
	GlobalSection(SolutionConfigurationPlatforms) = preSolution
		Debug|Any CPU = Debug|Any CPU
		Release|Any CPU = Release|Any CPU
	EndGlobalSection
	GlobalSection(ProjectConfigurationPlatforms) = postSolution
		{46660B71-DCE8-482F-805A-7DD8585D6CDE}.Debug|Any CPU.ActiveCfg = Debug|Any CPU
		{46660B71-DCE8-482F-805A-7DD8585D6CDE}.Debug|Any CPU.Build.0 = Debug|Any CPU
		{46660B71-DCE8-482F-805A-7DD8585D6CDE}.Release|Any CPU.ActiveCfg = Release|Any CPU
		{46660B71-DCE8-482F-805A-7DD8585D6CDE}.Release|Any CPU.Build.0 = Release|Any CPU
	EndGlobalSection
	GlobalSection(SolutionProperties) = preSolution
		HideSolutionNode = FALSE
	EndGlobalSection
	GlobalSection(ExtensibilityGlobals) = postSolution
		SolutionGuid = {C65CA7BB-7AB9-4CEA-8E15-3400C97750E1}
	EndGlobalSection
EndGlobal
